
Microsoft Visual Studio Solution File, Format Version 12.00
# Visual Studio Version 17
VisualStudioVersion = 17.0.31903.59
MinimumVisualStudioVersion = 10.0.40219.1
Project("{2150E333-8FDC-42A3-9474-1A3956D46DE8}") = "src", "src", "{7769B48F-C089-480D-9757-3C33FCA0CEA6}"
EndProject
Project("{FAE04EC0-301F-11D3-BF4B-00C04F79EFBC}") = "AuctionService", "src\AuctionService\AuctionService.csproj", "{EC11E744-9ED1-41D8-8A4E-33F0FF61AE74}"
EndProject
Project("{FAE04EC0-301F-11D3-BF4B-00C04F79EFBC}") = "SearchService", "src\SearchService\SearchService.csproj", "{50971E57-B640-4FA7-A70B-20F11F363669}"
EndProject
Project("{FAE04EC0-301F-11D3-BF4B-00C04F79EFBC}") = "Contracts", "src\Contracts\Contracts.csproj", "{5E367646-5E0A-4AD2-90FC-76D5A8109B01}"
EndProject
Project("{FAE04EC0-301F-11D3-BF4B-00C04F79EFBC}") = "IdentityService", "src\IdentityService\IdentityService.csproj", "{D71AFF1B-D5F0-49C5-A15C-F8724AF57CF5}"
EndProject
Project("{FAE04EC0-301F-11D3-BF4B-00C04F79EFBC}") = "GatewayService", "src\GatewayService\GatewayService.csproj", "{954A0AC2-4D9F-41B2-9520-3E6AB72955E4}"
EndProject
Global
	GlobalSection(SolutionConfigurationPlatforms) = preSolution
		Debug|Any CPU = Debug|Any CPU
		Release|Any CPU = Release|Any CPU
	EndGlobalSection
	GlobalSection(SolutionProperties) = preSolution
		HideSolutionNode = FALSE
	EndGlobalSection
	GlobalSection(ProjectConfigurationPlatforms) = postSolution
		{EC11E744-9ED1-41D8-8A4E-33F0FF61AE74}.Debug|Any CPU.ActiveCfg = Debug|Any CPU
		{EC11E744-9ED1-41D8-8A4E-33F0FF61AE74}.Debug|Any CPU.Build.0 = Debug|Any CPU
		{EC11E744-9ED1-41D8-8A4E-33F0FF61AE74}.Release|Any CPU.ActiveCfg = Release|Any CPU
		{EC11E744-9ED1-41D8-8A4E-33F0FF61AE74}.Release|Any CPU.Build.0 = Release|Any CPU
		{50971E57-B640-4FA7-A70B-20F11F363669}.Debug|Any CPU.ActiveCfg = Debug|Any CPU
		{50971E57-B640-4FA7-A70B-20F11F363669}.Debug|Any CPU.Build.0 = Debug|Any CPU
		{50971E57-B640-4FA7-A70B-20F11F363669}.Release|Any CPU.ActiveCfg = Release|Any CPU
		{50971E57-B640-4FA7-A70B-20F11F363669}.Release|Any CPU.Build.0 = Release|Any CPU
		{5E367646-5E0A-4AD2-90FC-76D5A8109B01}.Debug|Any CPU.ActiveCfg = Debug|Any CPU
		{5E367646-5E0A-4AD2-90FC-76D5A8109B01}.Debug|Any CPU.Build.0 = Debug|Any CPU
		{5E367646-5E0A-4AD2-90FC-76D5A8109B01}.Release|Any CPU.ActiveCfg = Release|Any CPU
		{5E367646-5E0A-4AD2-90FC-76D5A8109B01}.Release|Any CPU.Build.0 = Release|Any CPU
		{D71AFF1B-D5F0-49C5-A15C-F8724AF57CF5}.Debug|Any CPU.ActiveCfg = Debug|Any CPU
		{D71AFF1B-D5F0-49C5-A15C-F8724AF57CF5}.Debug|Any CPU.Build.0 = Debug|Any CPU
		{D71AFF1B-D5F0-49C5-A15C-F8724AF57CF5}.Release|Any CPU.ActiveCfg = Release|Any CPU
		{D71AFF1B-D5F0-49C5-A15C-F8724AF57CF5}.Release|Any CPU.Build.0 = Release|Any CPU
		{954A0AC2-4D9F-41B2-9520-3E6AB72955E4}.Debug|Any CPU.ActiveCfg = Debug|Any CPU
		{954A0AC2-4D9F-41B2-9520-3E6AB72955E4}.Debug|Any CPU.Build.0 = Debug|Any CPU
		{954A0AC2-4D9F-41B2-9520-3E6AB72955E4}.Release|Any CPU.ActiveCfg = Release|Any CPU
		{954A0AC2-4D9F-41B2-9520-3E6AB72955E4}.Release|Any CPU.Build.0 = Release|Any CPU
	EndGlobalSection
	GlobalSection(NestedProjects) = preSolution
		{EC11E744-9ED1-41D8-8A4E-33F0FF61AE74} = {7769B48F-C089-480D-9757-3C33FCA0CEA6}
		{50971E57-B640-4FA7-A70B-20F11F363669} = {7769B48F-C089-480D-9757-3C33FCA0CEA6}
		{5E367646-5E0A-4AD2-90FC-76D5A8109B01} = {7769B48F-C089-480D-9757-3C33FCA0CEA6}
		{D71AFF1B-D5F0-49C5-A15C-F8724AF57CF5} = {7769B48F-C089-480D-9757-3C33FCA0CEA6}
		{954A0AC2-4D9F-41B2-9520-3E6AB72955E4} = {7769B48F-C089-480D-9757-3C33FCA0CEA6}
	EndGlobalSection
EndGlobal
